
Microsoft Visual Studio Solution File, Format Version 12.00
# Visual Studio Version 17
VisualStudioVersion = 17.11.35312.102
MinimumVisualStudioVersion = 10.0.40219.1
Project("{FAE04EC0-301F-11D3-BF4B-00C04F79EFBC}") = "OrigenceConsoleApp", "OrigenceConsoleApp\OrigenceConsoleApp.csproj", "{C6E8F6E6-225A-4F8D-9B2A-F49FB2EBE294}"
EndProject
Global
	GlobalSection(SolutionConfigurationPlatforms) = preSolution
		Debug|Any CPU = Debug|Any CPU
		Release|Any CPU = Release|Any CPU
	EndGlobalSection
	GlobalSection(ProjectConfigurationPlatforms) = postSolution
		{C6E8F6E6-225A-4F8D-9B2A-F49FB2EBE294}.Debug|Any CPU.ActiveCfg = Debug|Any CPU
		{C6E8F6E6-225A-4F8D-9B2A-F49FB2EBE294}.Debug|Any CPU.Build.0 = Debug|Any CPU
		{C6E8F6E6-225A-4F8D-9B2A-F49FB2EBE294}.Release|Any CPU.ActiveCfg = Release|Any CPU
		{C6E8F6E6-225A-4F8D-9B2A-F49FB2EBE294}.Release|Any CPU.Build.0 = Release|Any CPU
	EndGlobalSection
	GlobalSection(SolutionProperties) = preSolution
		HideSolutionNode = FALSE
	EndGlobalSection
	GlobalSection(ExtensibilityGlobals) = postSolution
		SolutionGuid = {EAFAEFDE-E838-4D5E-A6AA-FDDC13BE3EAC}
	EndGlobalSection
EndGlobal
